
Microsoft Visual Studio Solution File, Format Version 12.00
# Visual Studio Version 16
VisualStudioVersion = 16.0.32228.343
MinimumVisualStudioVersion = 10.0.40219.1
Project("{FAE04EC0-301F-11D3-BF4B-00C04F79EFBC}") = "WebApplicationSite", "WebApplicationSite\WebApplicationSite.csproj", "{E3437E0D-F779-4182-BA19-61A9E5ED6598}"
EndProject
Global
	GlobalSection(SolutionConfigurationPlatforms) = preSolution
		Debug|Any CPU = Debug|Any CPU
		Release|Any CPU = Release|Any CPU
	EndGlobalSection
	GlobalSection(ProjectConfigurationPlatforms) = postSolution
		{E3437E0D-F779-4182-BA19-61A9E5ED6598}.Debug|Any CPU.ActiveCfg = Debug|Any CPU
		{E3437E0D-F779-4182-BA19-61A9E5ED6598}.Debug|Any CPU.Build.0 = Debug|Any CPU
		{E3437E0D-F779-4182-BA19-61A9E5ED6598}.Release|Any CPU.ActiveCfg = Release|Any CPU
		{E3437E0D-F779-4182-BA19-61A9E5ED6598}.Release|Any CPU.Build.0 = Release|Any CPU
	EndGlobalSection
	GlobalSection(SolutionProperties) = preSolution
		HideSolutionNode = FALSE
	EndGlobalSection
	GlobalSection(ExtensibilityGlobals) = postSolution
		SolutionGuid = {D3C6E585-E597-4D2A-A1C2-A48D2414BA39}
	EndGlobalSection
EndGlobal
